// !$*UTF8*$!
{
	archiveVersion = 1;
	classes = {
	};
	objectVersion = 50;
	objects = {

/* Begin PBXBuildFile section */
		B78DC3A526EC291F00A5A6F3 /* Tests_iOS.swift in Sources */ = {isa = PBXBuildFile; fileRef = B78DC3A426EC291F00A5A6F3 /* Tests_iOS.swift */; };
		B78DC3B026EC291F00A5A6F3 /* Tests_macOS.swift in Sources */ = {isa = PBXBuildFile; fileRef = B78DC3AF26EC291F00A5A6F3 /* Tests_macOS.swift */; };
		B78DC3B226EC291F00A5A6F3 /* MomirApp.swift in Sources */ = {isa = PBXBuildFile; fileRef = B78DC38926EC291E00A5A6F3 /* MomirApp.swift */; };
		B78DC3B326EC291F00A5A6F3 /* MomirApp.swift in Sources */ = {isa = PBXBuildFile; fileRef = B78DC38926EC291E00A5A6F3 /* MomirApp.swift */; };
		B78DC3B426EC291F00A5A6F3 /* ContentView.swift in Sources */ = {isa = PBXBuildFile; fileRef = B78DC38A26EC291E00A5A6F3 /* ContentView.swift */; };
		B78DC3B526EC291F00A5A6F3 /* ContentView.swift in Sources */ = {isa = PBXBuildFile; fileRef = B78DC38A26EC291E00A5A6F3 /* ContentView.swift */; };
		B78DC3B626EC291F00A5A6F3 /* Assets.xcassets in Resources */ = {isa = PBXBuildFile; fileRef = B78DC38B26EC291F00A5A6F3 /* Assets.xcassets */; };
		B78DC3B726EC291F00A5A6F3 /* Assets.xcassets in Resources */ = {isa = PBXBuildFile; fileRef = B78DC38B26EC291F00A5A6F3 /* Assets.xcassets */; };
		B78DC3C726EC2BE700A5A6F3 /* ViewModel.swift in Sources */ = {isa = PBXBuildFile; fileRef = B78DC3C626EC2BE700A5A6F3 /* ViewModel.swift */; };
		B78DC3C826EC2BE700A5A6F3 /* ViewModel.swift in Sources */ = {isa = PBXBuildFile; fileRef = B78DC3C626EC2BE700A5A6F3 /* ViewModel.swift */; };
		B78DC3CA26EC306C00A5A6F3 /* example.json in Resources */ = {isa = PBXBuildFile; fileRef = B78DC3C926EC306C00A5A6F3 /* example.json */; };
		B78DC3CB26EC306C00A5A6F3 /* example.json in Resources */ = {isa = PBXBuildFile; fileRef = B78DC3C926EC306C00A5A6F3 /* example.json */; };
		B78DC3CF26EC371C00A5A6F3 /* ScryfallAPI.swift in Sources */ = {isa = PBXBuildFile; fileRef = B78DC3CC26EC313A00A5A6F3 /* ScryfallAPI.swift */; };
		B78DC3D026EC371C00A5A6F3 /* ScryfallAPI.swift in Sources */ = {isa = PBXBuildFile; fileRef = B78DC3CC26EC313A00A5A6F3 /* ScryfallAPI.swift */; };
/* End PBXBuildFile section */

/* Begin PBXContainerItemProxy section */
		B78DC3A126EC291F00A5A6F3 /* PBXContainerItemProxy */ = {
			isa = PBXContainerItemProxy;
			containerPortal = B78DC38426EC291E00A5A6F3 /* Project object */;
			proxyType = 1;
			remoteGlobalIDString = B78DC38F26EC291F00A5A6F3;
			remoteInfo = "Momir (iOS)";
		};
		B78DC3AC26EC291F00A5A6F3 /* PBXContainerItemProxy */ = {
			isa = PBXContainerItemProxy;
			containerPortal = B78DC38426EC291E00A5A6F3 /* Project object */;
			proxyType = 1;
			remoteGlobalIDString = B78DC39726EC291F00A5A6F3;
			remoteInfo = "Momir (macOS)";
		};
/* End PBXContainerItemProxy section */

/* Begin PBXFileReference section */
		B78DC38926EC291E00A5A6F3 /* MomirApp.swift */ = {isa = PBXFileReference; lastKnownFileType = sourcecode.swift; path = MomirApp.swift; sourceTree = "<group>"; };
		B78DC38A26EC291E00A5A6F3 /* ContentView.swift */ = {isa = PBXFileReference; lastKnownFileType = sourcecode.swift; path = ContentView.swift; sourceTree = "<group>"; };
		B78DC38B26EC291F00A5A6F3 /* Assets.xcassets */ = {isa = PBXFileReference; lastKnownFileType = folder.assetcatalog; path = Assets.xcassets; sourceTree = "<group>"; };
		B78DC39026EC291F00A5A6F3 /* Momir.app */ = {isa = PBXFileReference; explicitFileType = wrapper.application; includeInIndex = 0; path = Momir.app; sourceTree = BUILT_PRODUCTS_DIR; };
		B78DC39326EC291F00A5A6F3 /* Info.plist */ = {isa = PBXFileReference; lastKnownFileType = text.plist.xml; path = Info.plist; sourceTree = "<group>"; };
		B78DC39826EC291F00A5A6F3 /* Momir.app */ = {isa = PBXFileReference; explicitFileType = wrapper.application; includeInIndex = 0; path = Momir.app; sourceTree = BUILT_PRODUCTS_DIR; };
		B78DC39A26EC291F00A5A6F3 /* Info.plist */ = {isa = PBXFileReference; lastKnownFileType = text.plist.xml; path = Info.plist; sourceTree = "<group>"; };
		B78DC39B26EC291F00A5A6F3 /* macOS.entitlements */ = {isa = PBXFileReference; lastKnownFileType = text.plist.entitlements; path = macOS.entitlements; sourceTree = "<group>"; };
		B78DC3A026EC291F00A5A6F3 /* Tests iOS.xctest */ = {isa = PBXFileReference; explicitFileType = wrapper.cfbundle; includeInIndex = 0; path = "Tests iOS.xctest"; sourceTree = BUILT_PRODUCTS_DIR; };
		B78DC3A426EC291F00A5A6F3 /* Tests_iOS.swift */ = {isa = PBXFileReference; lastKnownFileType = sourcecode.swift; path = Tests_iOS.swift; sourceTree = "<group>"; };
		B78DC3A626EC291F00A5A6F3 /* Info.plist */ = {isa = PBXFileReference; lastKnownFileType = text.plist.xml; path = Info.plist; sourceTree = "<group>"; };
		B78DC3AB26EC291F00A5A6F3 /* Tests macOS.xctest */ = {isa = PBXFileReference; explicitFileType = wrapper.cfbundle; includeInIndex = 0; path = "Tests macOS.xctest"; sourceTree = BUILT_PRODUCTS_DIR; };
		B78DC3AF26EC291F00A5A6F3 /* Tests_macOS.swift */ = {isa = PBXFileReference; lastKnownFileType = sourcecode.swift; path = Tests_macOS.swift; sourceTree = "<group>"; };
		B78DC3B126EC291F00A5A6F3 /* Info.plist */ = {isa = PBXFileReference; lastKnownFileType = text.plist.xml; path = Info.plist; sourceTree = "<group>"; };
		B78DC3C626EC2BE700A5A6F3 /* ViewModel.swift */ = {isa = PBXFileReference; lastKnownFileType = sourcecode.swift; path = ViewModel.swift; sourceTree = "<group>"; };
		B78DC3C926EC306C00A5A6F3 /* example.json */ = {isa = PBXFileReference; lastKnownFileType = text.json; path = example.json; sourceTree = "<group>"; };
		B78DC3CC26EC313A00A5A6F3 /* ScryfallAPI.swift */ = {isa = PBXFileReference; lastKnownFileType = sourcecode.swift; path = ScryfallAPI.swift; sourceTree = "<group>"; };
/* End PBXFileReference section */

/* Begin PBXFrameworksBuildPhase section */
		B78DC38D26EC291F00A5A6F3 /* Frameworks */ = {
			isa = PBXFrameworksBuildPhase;
			buildActionMask = 2147483647;
			files = (
			);
			runOnlyForDeploymentPostprocessing = 0;
		};
		B78DC39526EC291F00A5A6F3 /* Frameworks */ = {
			isa = PBXFrameworksBuildPhase;
			buildActionMask = 2147483647;
			files = (
			);
			runOnlyForDeploymentPostprocessing = 0;
		};
		B78DC39D26EC291F00A5A6F3 /* Frameworks */ = {
			isa = PBXFrameworksBuildPhase;
			buildActionMask = 2147483647;
			files = (
			);
			runOnlyForDeploymentPostprocessing = 0;
		};
		B78DC3A826EC291F00A5A6F3 /* Frameworks */ = {
			isa = PBXFrameworksBuildPhase;
			buildActionMask = 2147483647;
			files = (
			);
			runOnlyForDeploymentPostprocessing = 0;
		};
/* End PBXFrameworksBuildPhase section */

/* Begin PBXGroup section */
		B78DC38326EC291E00A5A6F3 = {
			isa = PBXGroup;
			children = (
				B78DC38826EC291E00A5A6F3 /* Shared */,
				B78DC39226EC291F00A5A6F3 /* iOS */,
				B78DC39926EC291F00A5A6F3 /* macOS */,
				B78DC3A326EC291F00A5A6F3 /* Tests iOS */,
				B78DC3AE26EC291F00A5A6F3 /* Tests macOS */,
				B78DC39126EC291F00A5A6F3 /* Products */,
			);
			sourceTree = "<group>";
		};
		B78DC38826EC291E00A5A6F3 /* Shared */ = {
			isa = PBXGroup;
			children = (
				B78DC38926EC291E00A5A6F3 /* MomirApp.swift */,
				B78DC38A26EC291E00A5A6F3 /* ContentView.swift */,
				B78DC3C626EC2BE700A5A6F3 /* ViewModel.swift */,
				B78DC3CC26EC313A00A5A6F3 /* ScryfallAPI.swift */,
				B78DC38B26EC291F00A5A6F3 /* Assets.xcassets */,
			);
			path = Shared;
			sourceTree = "<group>";
		};
		B78DC39126EC291F00A5A6F3 /* Products */ = {
			isa = PBXGroup;
			children = (
				B78DC39026EC291F00A5A6F3 /* Momir.app */,
				B78DC39826EC291F00A5A6F3 /* Momir.app */,
				B78DC3A026EC291F00A5A6F3 /* Tests iOS.xctest */,
				B78DC3AB26EC291F00A5A6F3 /* Tests macOS.xctest */,
			);
			name = Products;
			sourceTree = "<group>";
		};
		B78DC39226EC291F00A5A6F3 /* iOS */ = {
			isa = PBXGroup;
			children = (
				B78DC39326EC291F00A5A6F3 /* Info.plist */,
			);
			path = iOS;
			sourceTree = "<group>";
		};
		B78DC39926EC291F00A5A6F3 /* macOS */ = {
			isa = PBXGroup;
			children = (
				B78DC39A26EC291F00A5A6F3 /* Info.plist */,
				B78DC39B26EC291F00A5A6F3 /* macOS.entitlements */,
			);
			path = macOS;
			sourceTree = "<group>";
		};
		B78DC3A326EC291F00A5A6F3 /* Tests iOS */ = {
			isa = PBXGroup;
			children = (
				B78DC3A426EC291F00A5A6F3 /* Tests_iOS.swift */,
				B78DC3A626EC291F00A5A6F3 /* Info.plist */,
				B78DC3C926EC306C00A5A6F3 /* example.json */,
			);
			path = "Tests iOS";
			sourceTree = "<group>";
		};
		B78DC3AE26EC291F00A5A6F3 /* Tests macOS */ = {
			isa = PBXGroup;
			children = (
				B78DC3AF26EC291F00A5A6F3 /* Tests_macOS.swift */,
				B78DC3B126EC291F00A5A6F3 /* Info.plist */,
			);
			path = "Tests macOS";
			sourceTree = "<group>";
		};
/* End PBXGroup section */

/* Begin PBXNativeTarget section */
		B78DC38F26EC291F00A5A6F3 /* Momir (iOS) */ = {
			isa = PBXNativeTarget;
			buildConfigurationList = B78DC3BA26EC291F00A5A6F3 /* Build configuration list for PBXNativeTarget "Momir (iOS)" */;
			buildPhases = (
				B78DC38C26EC291F00A5A6F3 /* Sources */,
				B78DC38D26EC291F00A5A6F3 /* Frameworks */,
				B78DC38E26EC291F00A5A6F3 /* Resources */,
			);
			buildRules = (
			);
			dependencies = (
			);
			name = "Momir (iOS)";
			productName = "Momir (iOS)";
			productReference = B78DC39026EC291F00A5A6F3 /* Momir.app */;
			productType = "com.apple.product-type.application";
		};
		B78DC39726EC291F00A5A6F3 /* Momir (macOS) */ = {
			isa = PBXNativeTarget;
			buildConfigurationList = B78DC3BD26EC291F00A5A6F3 /* Build configuration list for PBXNativeTarget "Momir (macOS)" */;
			buildPhases = (
				B78DC39426EC291F00A5A6F3 /* Sources */,
				B78DC39526EC291F00A5A6F3 /* Frameworks */,
				B78DC39626EC291F00A5A6F3 /* Resources */,
			);
			buildRules = (
			);
			dependencies = (
			);
			name = "Momir (macOS)";
			productName = "Momir (macOS)";
			productReference = B78DC39826EC291F00A5A6F3 /* Momir.app */;
			productType = "com.apple.product-type.application";
		};
		B78DC39F26EC291F00A5A6F3 /* Tests iOS */ = {
			isa = PBXNativeTarget;
			buildConfigurationList = B78DC3C026EC291F00A5A6F3 /* Build configuration list for PBXNativeTarget "Tests iOS" */;
			buildPhases = (
				B78DC39C26EC291F00A5A6F3 /* Sources */,
				B78DC39D26EC291F00A5A6F3 /* Frameworks */,
				B78DC39E26EC291F00A5A6F3 /* Resources */,
			);
			buildRules = (
			);
			dependencies = (
				B78DC3A226EC291F00A5A6F3 /* PBXTargetDependency */,
			);
			name = "Tests iOS";
			productName = "Tests iOS";
			productReference = B78DC3A026EC291F00A5A6F3 /* Tests iOS.xctest */;
			productType = "com.apple.product-type.bundle.ui-testing";
		};
		B78DC3AA26EC291F00A5A6F3 /* Tests macOS */ = {
			isa = PBXNativeTarget;
			buildConfigurationList = B78DC3C326EC291F00A5A6F3 /* Build configuration list for PBXNativeTarget "Tests macOS" */;
			buildPhases = (
				B78DC3A726EC291F00A5A6F3 /* Sources */,
				B78DC3A826EC291F00A5A6F3 /* Frameworks */,
				B78DC3A926EC291F00A5A6F3 /* Resources */,
			);
			buildRules = (
			);
			dependencies = (
				B78DC3AD26EC291F00A5A6F3 /* PBXTargetDependency */,
			);
			name = "Tests macOS";
			productName = "Tests macOS";
			productReference = B78DC3AB26EC291F00A5A6F3 /* Tests macOS.xctest */;
			productType = "com.apple.product-type.bundle.ui-testing";
		};
/* End PBXNativeTarget section */

/* Begin PBXProject section */
		B78DC38426EC291E00A5A6F3 /* Project object */ = {
			isa = PBXProject;
			attributes = {
				LastSwiftUpdateCheck = 1250;
				LastUpgradeCheck = 1250;
				TargetAttributes = {
					B78DC38F26EC291F00A5A6F3 = {
						CreatedOnToolsVersion = 12.5;
					};
					B78DC39726EC291F00A5A6F3 = {
						CreatedOnToolsVersion = 12.5;
					};
					B78DC39F26EC291F00A5A6F3 = {
						CreatedOnToolsVersion = 12.5;
						TestTargetID = B78DC38F26EC291F00A5A6F3;
					};
					B78DC3AA26EC291F00A5A6F3 = {
						CreatedOnToolsVersion = 12.5;
						TestTargetID = B78DC39726EC291F00A5A6F3;
					};
				};
			};
			buildConfigurationList = B78DC38726EC291E00A5A6F3 /* Build configuration list for PBXProject "Momir" */;
			compatibilityVersion = "Xcode 9.3";
			developmentRegion = en;
			hasScannedForEncodings = 0;
			knownRegions = (
				en,
				Base,
			);
			mainGroup = B78DC38326EC291E00A5A6F3;
			productRefGroup = B78DC39126EC291F00A5A6F3 /* Products */;
			projectDirPath = "";
			projectRoot = "";
			targets = (
				B78DC38F26EC291F00A5A6F3 /* Momir (iOS) */,
				B78DC39726EC291F00A5A6F3 /* Momir (macOS) */,
				B78DC39F26EC291F00A5A6F3 /* Tests iOS */,
				B78DC3AA26EC291F00A5A6F3 /* Tests macOS */,
			);
		};
/* End PBXProject section */

/* Begin PBXResourcesBuildPhase section */
		B78DC38E26EC291F00A5A6F3 /* Resources */ = {
			isa = PBXResourcesBuildPhase;
			buildActionMask = 2147483647;
			files = (
				B78DC3B626EC291F00A5A6F3 /* Assets.xcassets in Resources */,
			);
			runOnlyForDeploymentPostprocessing = 0;
		};
		B78DC39626EC291F00A5A6F3 /* Resources */ = {
			isa = PBXResourcesBuildPhase;
			buildActionMask = 2147483647;
			files = (
				B78DC3B726EC291F00A5A6F3 /* Assets.xcassets in Resources */,
			);
			runOnlyForDeploymentPostprocessing = 0;
		};
		B78DC39E26EC291F00A5A6F3 /* Resources */ = {
			isa = PBXResourcesBuildPhase;
			buildActionMask = 2147483647;
			files = (
				B78DC3CA26EC306C00A5A6F3 /* example.json in Resources */,
			);
			runOnlyForDeploymentPostprocessing = 0;
		};
		B78DC3A926EC291F00A5A6F3 /* Resources */ = {
			isa = PBXResourcesBuildPhase;
			buildActionMask = 2147483647;
			files = (
				B78DC3CB26EC306C00A5A6F3 /* example.json in Resources */,
			);
			runOnlyForDeploymentPostprocessing = 0;
		};
/* End PBXResourcesBuildPhase section */

/* Begin PBXSourcesBuildPhase section */
		B78DC38C26EC291F00A5A6F3 /* Sources */ = {
			isa = PBXSourcesBuildPhase;
			buildActionMask = 2147483647;
			files = (
				B78DC3B426EC291F00A5A6F3 /* ContentView.swift in Sources */,
				B78DC3C726EC2BE700A5A6F3 /* ViewModel.swift in Sources */,
				B78DC3D026EC371C00A5A6F3 /* ScryfallAPI.swift in Sources */,
				B78DC3B226EC291F00A5A6F3 /* MomirApp.swift in Sources */,
			);
			runOnlyForDeploymentPostprocessing = 0;
		};
		B78DC39426EC291F00A5A6F3 /* Sources */ = {
			isa = PBXSourcesBuildPhase;
			buildActionMask = 2147483647;
			files = (
				B78DC3B526EC291F00A5A6F3 /* ContentView.swift in Sources */,
				B78DC3C826EC2BE700A5A6F3 /* ViewModel.swift in Sources */,
				B78DC3CF26EC371C00A5A6F3 /* ScryfallAPI.swift in Sources */,
				B78DC3B326EC291F00A5A6F3 /* MomirApp.swift in Sources */,
			);
			runOnlyForDeploymentPostprocessing = 0;
		};
		B78DC39C26EC291F00A5A6F3 /* Sources */ = {
			isa = PBXSourcesBuildPhase;
			buildActionMask = 2147483647;
			files = (
				B78DC3A526EC291F00A5A6F3 /* Tests_iOS.swift in Sources */,
			);
			runOnlyForDeploymentPostprocessing = 0;
		};
		B78DC3A726EC291F00A5A6F3 /* Sources */ = {
			isa = PBXSourcesBuildPhase;
			buildActionMask = 2147483647;
			files = (
				B78DC3B026EC291F00A5A6F3 /* Tests_macOS.swift in Sources */,
			);
			runOnlyForDeploymentPostprocessing = 0;
		};
/* End PBXSourcesBuildPhase section */

/* Begin PBXTargetDependency section */
		B78DC3A226EC291F00A5A6F3 /* PBXTargetDependency */ = {
			isa = PBXTargetDependency;
			target = B78DC38F26EC291F00A5A6F3 /* Momir (iOS) */;
			targetProxy = B78DC3A126EC291F00A5A6F3 /* PBXContainerItemProxy */;
		};
		B78DC3AD26EC291F00A5A6F3 /* PBXTargetDependency */ = {
			isa = PBXTargetDependency;
			target = B78DC39726EC291F00A5A6F3 /* Momir (macOS) */;
			targetProxy = B78DC3AC26EC291F00A5A6F3 /* PBXContainerItemProxy */;
		};
/* End PBXTargetDependency section */

/* Begin XCBuildConfiguration section */
		B78DC3B826EC291F00A5A6F3 /* Debug */ = {
			isa = XCBuildConfiguration;
			buildSettings = {
				ALWAYS_SEARCH_USER_PATHS = NO;
				CLANG_ANALYZER_NONNULL = YES;
				CLANG_ANALYZER_NUMBER_OBJECT_CONVERSION = YES_AGGRESSIVE;
				CLANG_CXX_LANGUAGE_STANDARD = "gnu++14";
				CLANG_CXX_LIBRARY = "libc++";
				CLANG_ENABLE_MODULES = YES;
				CLANG_ENABLE_OBJC_ARC = YES;
				CLANG_ENABLE_OBJC_WEAK = YES;
				CLANG_WARN_BLOCK_CAPTURE_AUTORELEASING = YES;
				CLANG_WARN_BOOL_CONVERSION = YES;
				CLANG_WARN_COMMA = YES;
				CLANG_WARN_CONSTANT_CONVERSION = YES;
				CLANG_WARN_DEPRECATED_OBJC_IMPLEMENTATIONS = YES;
				CLANG_WARN_DIRECT_OBJC_ISA_USAGE = YES_ERROR;
				CLANG_WARN_DOCUMENTATION_COMMENTS = YES;
				CLANG_WARN_EMPTY_BODY = YES;
				CLANG_WARN_ENUM_CONVERSION = YES;
				CLANG_WARN_INFINITE_RECURSION = YES;
				CLANG_WARN_INT_CONVERSION = YES;
				CLANG_WARN_NON_LITERAL_NULL_CONVERSION = YES;
				CLANG_WARN_OBJC_IMPLICIT_RETAIN_SELF = YES;
				CLANG_WARN_OBJC_LITERAL_CONVERSION = YES;
				CLANG_WARN_OBJC_ROOT_CLASS = YES_ERROR;
				CLANG_WARN_QUOTED_INCLUDE_IN_FRAMEWORK_HEADER = YES;
				CLANG_WARN_RANGE_LOOP_ANALYSIS = YES;
				CLANG_WARN_STRICT_PROTOTYPES = YES;
				CLANG_WARN_SUSPICIOUS_MOVE = YES;
				CLANG_WARN_UNGUARDED_AVAILABILITY = YES_AGGRESSIVE;
				CLANG_WARN_UNREACHABLE_CODE = YES;
				CLANG_WARN__DUPLICATE_METHOD_MATCH = YES;
				COPY_PHASE_STRIP = NO;
				DEBUG_INFORMATION_FORMAT = dwarf;
				ENABLE_STRICT_OBJC_MSGSEND = YES;
				ENABLE_TESTABILITY = YES;
				GCC_C_LANGUAGE_STANDARD = gnu11;
				GCC_DYNAMIC_NO_PIC = NO;
				GCC_NO_COMMON_BLOCKS = YES;
				GCC_OPTIMIZATION_LEVEL = 0;
				GCC_PREPROCESSOR_DEFINITIONS = (
					"DEBUG=1",
					"$(inherited)",
				);
				GCC_WARN_64_TO_32_BIT_CONVERSION = YES;
				GCC_WARN_ABOUT_RETURN_TYPE = YES_ERROR;
				GCC_WARN_UNDECLARED_SELECTOR = YES;
				GCC_WARN_UNINITIALIZED_AUTOS = YES_AGGRESSIVE;
				GCC_WARN_UNUSED_FUNCTION = YES;
				GCC_WARN_UNUSED_VARIABLE = YES;
				MTL_ENABLE_DEBUG_INFO = INCLUDE_SOURCE;
				MTL_FAST_MATH = YES;
				ONLY_ACTIVE_ARCH = YES;
				SWIFT_ACTIVE_COMPILATION_CONDITIONS = DEBUG;
				SWIFT_OPTIMIZATION_LEVEL = "-Onone";
			};
			name = Debug;
		};
		B78DC3B926EC291F00A5A6F3 /* Release */ = {
			isa = XCBuildConfiguration;
			buildSettings = {
				ALWAYS_SEARCH_USER_PATHS = NO;
				CLANG_ANALYZER_NONNULL = YES;
				CLANG_ANALYZER_NUMBER_OBJECT_CONVERSION = YES_AGGRESSIVE;
				CLANG_CXX_LANGUAGE_STANDARD = "gnu++14";
				CLANG_CXX_LIBRARY = "libc++";
				CLANG_ENABLE_MODULES = YES;
				CLANG_ENABLE_OBJC_ARC = YES;
				CLANG_ENABLE_OBJC_WEAK = YES;
				CLANG_WARN_BLOCK_CAPTURE_AUTORELEASING = YES;
				CLANG_WARN_BOOL_CONVERSION = YES;
				CLANG_WARN_COMMA = YES;
				CLANG_WARN_CONSTANT_CONVERSION = YES;
				CLANG_WARN_DEPRECATED_OBJC_IMPLEMENTATIONS = YES;
				CLANG_WARN_DIRECT_OBJC_ISA_USAGE = YES_ERROR;
				CLANG_WARN_DOCUMENTATION_COMMENTS = YES;
				CLANG_WARN_EMPTY_BODY = YES;
				CLANG_WARN_ENUM_CONVERSION = YES;
				CLANG_WARN_INFINITE_RECURSION = YES;
				CLANG_WARN_INT_CONVERSION = YES;
				CLANG_WARN_NON_LITERAL_NULL_CONVERSION = YES;
				CLANG_WARN_OBJC_IMPLICIT_RETAIN_SELF = YES;
				CLANG_WARN_OBJC_LITERAL_CONVERSION = YES;
				CLANG_WARN_OBJC_ROOT_CLASS = YES_ERROR;
				CLANG_WARN_QUOTED_INCLUDE_IN_FRAMEWORK_HEADER = YES;
				CLANG_WARN_RANGE_LOOP_ANALYSIS = YES;
				CLANG_WARN_STRICT_PROTOTYPES = YES;
				CLANG_WARN_SUSPICIOUS_MOVE = YES;
				CLANG_WARN_UNGUARDED_AVAILABILITY = YES_AGGRESSIVE;
				CLANG_WARN_UNREACHABLE_CODE = YES;
				CLANG_WARN__DUPLICATE_METHOD_MATCH = YES;
				COPY_PHASE_STRIP = NO;
				DEBUG_INFORMATION_FORMAT = "dwarf-with-dsym";
				ENABLE_NS_ASSERTIONS = NO;
				ENABLE_STRICT_OBJC_MSGSEND = YES;
				GCC_C_LANGUAGE_STANDARD = gnu11;
				GCC_NO_COMMON_BLOCKS = YES;
				GCC_WARN_64_TO_32_BIT_CONVERSION = YES;
				GCC_WARN_ABOUT_RETURN_TYPE = YES_ERROR;
				GCC_WARN_UNDECLARED_SELECTOR = YES;
				GCC_WARN_UNINITIALIZED_AUTOS = YES_AGGRESSIVE;
				GCC_WARN_UNUSED_FUNCTION = YES;
				GCC_WARN_UNUSED_VARIABLE = YES;
				MTL_ENABLE_DEBUG_INFO = NO;
				MTL_FAST_MATH = YES;
				SWIFT_COMPILATION_MODE = wholemodule;
				SWIFT_OPTIMIZATION_LEVEL = "-O";
			};
			name = Release;
		};
		B78DC3BB26EC291F00A5A6F3 /* Debug */ = {
			isa = XCBuildConfiguration;
			buildSettings = {
				ASSETCATALOG_COMPILER_APPICON_NAME = AppIcon;
				ASSETCATALOG_COMPILER_GLOBAL_ACCENT_COLOR_NAME = AccentColor;
				CODE_SIGN_STYLE = Automatic;
				DEVELOPMENT_TEAM = ASK275LEGN;
				ENABLE_PREVIEWS = YES;
				INFOPLIST_FILE = iOS/Info.plist;
				IPHONEOS_DEPLOYMENT_TARGET = 14.0;
				LD_RUNPATH_SEARCH_PATHS = (
					"$(inherited)",
					"@executable_path/Frameworks",
				);
				PRODUCT_BUNDLE_IDENTIFIER = com.isaacruiz.momir.Momir;
				PRODUCT_NAME = Momir;
				SDKROOT = iphoneos;
				SWIFT_VERSION = 5.0;
				TARGETED_DEVICE_FAMILY = "1,2";
			};
			name = Debug;
		};
		B78DC3BC26EC291F00A5A6F3 /* Release */ = {
			isa = XCBuildConfiguration;
			buildSettings = {
				ASSETCATALOG_COMPILER_APPICON_NAME = AppIcon;
				ASSETCATALOG_COMPILER_GLOBAL_ACCENT_COLOR_NAME = AccentColor;
				CODE_SIGN_STYLE = Automatic;
				DEVELOPMENT_TEAM = ASK275LEGN;
				ENABLE_PREVIEWS = YES;
				INFOPLIST_FILE = iOS/Info.plist;
				IPHONEOS_DEPLOYMENT_TARGET = 14.0;
				LD_RUNPATH_SEARCH_PATHS = (
					"$(inherited)",
					"@executable_path/Frameworks",
				);
				PRODUCT_BUNDLE_IDENTIFIER = com.isaacruiz.momir.Momir;
				PRODUCT_NAME = Momir;
				SDKROOT = iphoneos;
				SWIFT_VERSION = 5.0;
				TARGETED_DEVICE_FAMILY = "1,2";
				VALIDATE_PRODUCT = YES;
			};
			name = Release;
		};
		B78DC3BE26EC291F00A5A6F3 /* Debug */ = {
			isa = XCBuildConfiguration;
			buildSettings = {
				ASSETCATALOG_COMPILER_APPICON_NAME = AppIcon;
				ASSETCATALOG_COMPILER_GLOBAL_ACCENT_COLOR_NAME = AccentColor;
				CODE_SIGN_ENTITLEMENTS = macOS/macOS.entitlements;
				CODE_SIGN_STYLE = Automatic;
				COMBINE_HIDPI_IMAGES = YES;
				DEVELOPMENT_TEAM = ASK275LEGN;
				ENABLE_HARDENED_RUNTIME = YES;
				ENABLE_PREVIEWS = YES;
				INFOPLIST_FILE = macOS/Info.plist;
				LD_RUNPATH_SEARCH_PATHS = (
					"$(inherited)",
					"@executable_path/../Frameworks",
				);
				MACOSX_DEPLOYMENT_TARGET = 11.0;
				PRODUCT_BUNDLE_IDENTIFIER = com.isaacruiz.momir.Momir;
				PRODUCT_NAME = Momir;
				SDKROOT = macosx;
				SWIFT_VERSION = 5.0;
			};
			name = Debug;
		};
		B78DC3BF26EC291F00A5A6F3 /* Release */ = {
			isa = XCBuildConfiguration;
			buildSettings = {
				ASSETCATALOG_COMPILER_APPICON_NAME = AppIcon;
				ASSETCATALOG_COMPILER_GLOBAL_ACCENT_COLOR_NAME = AccentColor;
				CODE_SIGN_ENTITLEMENTS = macOS/macOS.entitlements;
				CODE_SIGN_STYLE = Automatic;
				COMBINE_HIDPI_IMAGES = YES;
				DEVELOPMENT_TEAM = ASK275LEGN;
				ENABLE_HARDENED_RUNTIME = YES;
				ENABLE_PREVIEWS = YES;
				INFOPLIST_FILE = macOS/Info.plist;
				LD_RUNPATH_SEARCH_PATHS = (
					"$(inherited)",
					"@executable_path/../Frameworks",
				);
				MACOSX_DEPLOYMENT_TARGET = 11.0;
				PRODUCT_BUNDLE_IDENTIFIER = com.isaacruiz.momir.Momir;
				PRODUCT_NAME = Momir;
				SDKROOT = macosx;
				SWIFT_VERSION = 5.0;
			};
			name = Release;
		};
		B78DC3C126EC291F00A5A6F3 /* Debug */ = {
			isa = XCBuildConfiguration;
			buildSettings = {
				ALWAYS_EMBED_SWIFT_STANDARD_LIBRARIES = YES;
				CODE_SIGN_STYLE = Automatic;
				DEVELOPMENT_TEAM = ASK275LEGN;
				INFOPLIST_FILE = "Tests iOS/Info.plist";
				IPHONEOS_DEPLOYMENT_TARGET = 14.5;
				LD_RUNPATH_SEARCH_PATHS = (
					"$(inherited)",
					"@executable_path/Frameworks",
					"@loader_path/Frameworks",
				);
				PRODUCT_BUNDLE_IDENTIFIER = "com.isaacruiz.momir.Tests-iOS";
				PRODUCT_NAME = "$(TARGET_NAME)";
				SDKROOT = iphoneos;
				SWIFT_VERSION = 5.0;
				TARGETED_DEVICE_FAMILY = "1,2";
				TEST_TARGET_NAME = "Momir (iOS)";
			};
			name = Debug;
		};
		B78DC3C226EC291F00A5A6F3 /* Release */ = {
			isa = XCBuildConfiguration;
			buildSettings = {
				ALWAYS_EMBED_SWIFT_STANDARD_LIBRARIES = YES;
				CODE_SIGN_STYLE = Automatic;
				DEVELOPMENT_TEAM = ASK275LEGN;
				INFOPLIST_FILE = "Tests iOS/Info.plist";
				IPHONEOS_DEPLOYMENT_TARGET = 14.5;
				LD_RUNPATH_SEARCH_PATHS = (
					"$(inherited)",
					"@executable_path/Frameworks",
					"@loader_path/Frameworks",
				);
				PRODUCT_BUNDLE_IDENTIFIER = "com.isaacruiz.momir.Tests-iOS";
				PRODUCT_NAME = "$(TARGET_NAME)";
				SDKROOT = iphoneos;
				SWIFT_VERSION = 5.0;
				TARGETED_DEVICE_FAMILY = "1,2";
				TEST_TARGET_NAME = "Momir (iOS)";
				VALIDATE_PRODUCT = YES;
			};
			name = Release;
		};
		B78DC3C426EC291F00A5A6F3 /* Debug */ = {
			isa = XCBuildConfiguration;
			buildSettings = {
				ALWAYS_EMBED_SWIFT_STANDARD_LIBRARIES = YES;
				CODE_SIGN_STYLE = Automatic;
				COMBINE_HIDPI_IMAGES = YES;
				DEVELOPMENT_TEAM = ASK275LEGN;
				INFOPLIST_FILE = "Tests macOS/Info.plist";
				LD_RUNPATH_SEARCH_PATHS = (
					"$(inherited)",
					"@executable_path/../Frameworks",
					"@loader_path/../Frameworks",
				);
				MACOSX_DEPLOYMENT_TARGET = 11.0;
				PRODUCT_BUNDLE_IDENTIFIER = "com.isaacruiz.momir.Tests-macOS";
				PRODUCT_NAME = "$(TARGET_NAME)";
				SDKROOT = macosx;
				SWIFT_VERSION = 5.0;
				TEST_TARGET_NAME = "Momir (macOS)";
			};
			name = Debug;
		};
		B78DC3C526EC291F00A5A6F3 /* Release */ = {
			isa = XCBuildConfiguration;
			buildSettings = {
				ALWAYS_EMBED_SWIFT_STANDARD_LIBRARIES = YES;
				CODE_SIGN_STYLE = Automatic;
				COMBINE_HIDPI_IMAGES = YES;
				DEVELOPMENT_TEAM = ASK275LEGN;
				INFOPLIST_FILE = "Tests macOS/Info.plist";
				LD_RUNPATH_SEARCH_PATHS = (
					"$(inherited)",
					"@executable_path/../Frameworks",
					"@loader_path/../Frameworks",
				);
				MACOSX_DEPLOYMENT_TARGET = 11.0;
				PRODUCT_BUNDLE_IDENTIFIER = "com.isaacruiz.momir.Tests-macOS";
				PRODUCT_NAME = "$(TARGET_NAME)";
				SDKROOT = macosx;
				SWIFT_VERSION = 5.0;
				TEST_TARGET_NAME = "Momir (macOS)";
			};
			name = Release;
		};
/* End XCBuildConfiguration section */

/* Begin XCConfigurationList section */
		B78DC38726EC291E00A5A6F3 /* Build configuration list for PBXProject "Momir" */ = {
			isa = XCConfigurationList;
			buildConfigurations = (
				B78DC3B826EC291F00A5A6F3 /* Debug */,
				B78DC3B926EC291F00A5A6F3 /* Release */,
			);
			defaultConfigurationIsVisible = 0;
			defaultConfigurationName = Release;
		};
		B78DC3BA26EC291F00A5A6F3 /* Build configuration list for PBXNativeTarget "Momir (iOS)" */ = {
			isa = XCConfigurationList;
			buildConfigurations = (
				B78DC3BB26EC291F00A5A6F3 /* Debug */,
				B78DC3BC26EC291F00A5A6F3 /* Release */,
			);
			defaultConfigurationIsVisible = 0;
			defaultConfigurationName = Release;
		};
		B78DC3BD26EC291F00A5A6F3 /* Build configuration list for PBXNativeTarget "Momir (macOS)" */ = {
			isa = XCConfigurationList;
			buildConfigurations = (
				B78DC3BE26EC291F00A5A6F3 /* Debug */,
				B78DC3BF26EC291F00A5A6F3 /* Release */,
			);
			defaultConfigurationIsVisible = 0;
			defaultConfigurationName = Release;
		};
		B78DC3C026EC291F00A5A6F3 /* Build configuration list for PBXNativeTarget "Tests iOS" */ = {
			isa = XCConfigurationList;
			buildConfigurations = (
				B78DC3C126EC291F00A5A6F3 /* Debug */,
				B78DC3C226EC291F00A5A6F3 /* Release */,
			);
			defaultConfigurationIsVisible = 0;
			defaultConfigurationName = Release;
		};
		B78DC3C326EC291F00A5A6F3 /* Build configuration list for PBXNativeTarget "Tests macOS" */ = {
			isa = XCConfigurationList;
			buildConfigurations = (
				B78DC3C426EC291F00A5A6F3 /* Debug */,
				B78DC3C526EC291F00A5A6F3 /* Release */,
			);
			defaultConfigurationIsVisible = 0;
			defaultConfigurationName = Release;
		};
/* End XCConfigurationList section */
	};
	rootObject = B78DC38426EC291E00A5A6F3 /* Project object */;
}
